
Microsoft Visual Studio Solution File, Format Version 12.00
# Visual Studio Version 16
VisualStudioVersion = 16.0.29806.167
MinimumVisualStudioVersion = 10.0.40219.1
Project("{FAE04EC0-301F-11D3-BF4B-00C04F79EFBC}") = "Abstraction.ConsoleApp", "Abstraction.ConsoleApp\Abstraction.ConsoleApp.csproj", "{0E7486E6-0B5F-482D-902C-FA5B5DB32EF6}"
EndProject
Global
	GlobalSection(SolutionConfigurationPlatforms) = preSolution
		Debug|Any CPU = Debug|Any CPU
		Release|Any CPU = Release|Any CPU
	EndGlobalSection
	GlobalSection(ProjectConfigurationPlatforms) = postSolution
		{0E7486E6-0B5F-482D-902C-FA5B5DB32EF6}.Debug|Any CPU.ActiveCfg = Debug|Any CPU
		{0E7486E6-0B5F-482D-902C-FA5B5DB32EF6}.Debug|Any CPU.Build.0 = Debug|Any CPU
		{0E7486E6-0B5F-482D-902C-FA5B5DB32EF6}.Release|Any CPU.ActiveCfg = Release|Any CPU
		{0E7486E6-0B5F-482D-902C-FA5B5DB32EF6}.Release|Any CPU.Build.0 = Release|Any CPU
	EndGlobalSection
	GlobalSection(SolutionProperties) = preSolution
		HideSolutionNode = FALSE
	EndGlobalSection
	GlobalSection(ExtensibilityGlobals) = postSolution
		SolutionGuid = {59B67772-596B-40E2-AD95-63219C08BE82}
	EndGlobalSection
EndGlobal
